
Microsoft Visual Studio Solution File, Format Version 12.00
# Visual Studio Version 17
VisualStudioVersion = 17.7.34221.43
MinimumVisualStudioVersion = 10.0.40219.1
Project("{FAE04EC0-301F-11D3-BF4B-00C04F79EFBC}") = "ControladoresGenericos", "ControladoresGenericos\ControladoresGenericos.csproj", "{9EE51B48-9DB7-48E1-BA8A-414CCD9954FD}"
EndProject
Global
	GlobalSection(SolutionConfigurationPlatforms) = preSolution
		Debug|Any CPU = Debug|Any CPU
		Release|Any CPU = Release|Any CPU
	EndGlobalSection
	GlobalSection(ProjectConfigurationPlatforms) = postSolution
		{9EE51B48-9DB7-48E1-BA8A-414CCD9954FD}.Debug|Any CPU.ActiveCfg = Debug|Any CPU
		{9EE51B48-9DB7-48E1-BA8A-414CCD9954FD}.Debug|Any CPU.Build.0 = Debug|Any CPU
		{9EE51B48-9DB7-48E1-BA8A-414CCD9954FD}.Release|Any CPU.ActiveCfg = Release|Any CPU
		{9EE51B48-9DB7-48E1-BA8A-414CCD9954FD}.Release|Any CPU.Build.0 = Release|Any CPU
	EndGlobalSection
	GlobalSection(SolutionProperties) = preSolution
		HideSolutionNode = FALSE
	EndGlobalSection
	GlobalSection(ExtensibilityGlobals) = postSolution
		SolutionGuid = {ACB7AB6F-ADC6-4432-8AE2-155100C60FD2}
	EndGlobalSection
EndGlobal
